{
  "name": "logsene-cloudwatch-lambda",
  "version": "1.0.0",
  "lockfileVersion": 2,
  "requires": true,
  "packages": {
    "": {
      "name": "logsene-cloudwatch-lambda",
      "version": "1.0.0",
      "license": "ISC",
      "dependencies": {
        "@sematext/logagent": "^3.2.0",
        "date-fns": "^2.9.0",
        "mocha": "^10.0.0"
      },
      "devDependencies": {
        "mocha": "^10.0.0"
      }
    },
    "node_modules/@sematext/logagent": {
      "version": "3.2.0",
      "license": "Apache-2.0",
      "dependencies": {
        "@azure/event-hubs": "^5.2.0",
        "alasql": "^1.7.2",
        "aws-sdk": "^2.689.0",
        "cassandra-driver": "^3.5.0",
        "chalk": "^2.4.1",
        "clickhouse": "^1.2.88888888",
        "clone": "^2.1.2",
        "co": "^4.6.0",
        "commander": "^2.19.0",
        "device-detector-js": "^2.2.1",
        "docker-events": "0.0.2",
        "docker-loghose": "^1.6.5",
        "dockerode": "^3.3.4",
        "elasticsearch": "^15.2.0",
        "eventemitter3": "^3.1.0",
        "fast-safe-stringify": "^2.0.6",
        "flat": "^4.1.0",
        "flatstr": "^1.0.8",
        "get-value": "^3.0.1",
        "glob": "^7.1.3",
        "graceful-fs": "^4.2.9",
        "http-aws-es": "^6.0.0",
        "influx-line-protocol-parser": "^0.2.0",
        "js-yaml": "^3.14.0",
        "json-influx": "^0.3.0",
        "kubernetes-client": "^8.3.7",
        "logsene-js": "^1.1.74",
        "lru-cache": "^5.1.1",
        "maxmind": "^3.1.2",
        "maxmind-geolite-mirror": "^1.1.3",
        "md5": "^2.2.1",
        "merge": "^2.1.1",
        "minimatch": "^3.0.4",
        "mkpath": "^1.0.0",
        "moment": "^2.29.1",
        "moment-timezone": "^0.5.31",
        "mqtt": "^4.2.8",
        "mysql": "^2.16.0",
        "pg": "^7.18.2",
        "prettyjson": "^1.2.1",
        "public-ip": "^4.0.2",
        "query-string": "^6.12.1",
        "request": "^2.88.2",
        "requestretry": "^7.0.0",
        "rotating-file-stream": "^1.3.9",
        "set-value": "^4.0.1",
        "split2": "^3.0.0",
        "stackman": "^3.0.2",
        "stream-throttle": "^0.1.3",
        "string-template": "^1.0.0",
        "syslogd": "^1.1.2",
        "tail-forever": "^0.3.16",
        "tedious": "^3.0.1",
        "throng": "^4.0.0",
        "through2": "^4.0.2",
        "try-call": "0.0.2",
        "unset-value": "^1.0.0"
      },
      "bin": {
        "logagent": "bin/logagent.js",
        "logagent-setup": "bin/logagent-setup.sh",
        "logagent-uninstall": "bin/logagent-uninstall.sh",
        "logagent-windows": "bin/logagent-windows.js"
      },
      "optionalDependencies": {
        "aedes": "^0.42.1",
        "date-fns": "^2.9.0",
        "websocket-stream": "^5.1.1"
      }
    },
    "node_modules/@sematext/logagent/node_modules/throng": {
      "version": "4.0.0",
      "license": "MIT",
      "dependencies": {
        "lodash.defaults": "^4.0.1"
      },
      "engines": {
        "node": ">= 4.0.0"
      }
    },
    "node_modules/adler-32": {
      "version": "1.2.0",
      "license": "Apache-2.0",
      "dependencies": {
        "exit-on-epipe": "~1.0.1",
        "printj": "~1.1.0"
      },
      "bin": {
        "adler32": "bin/adler32.njs"
      },
      "engines": {
        "node": ">=0.8"
      }
    },
    "node_modules/alasql": {
      "version": "1.7.3",
      "license": "MIT",
      "dependencies": {
        "dom-storage": "^2.1.0",
        "es6-promise": "^4.2.6",
        "lodash": "4.17.21",
        "request": "2.88.2",
        "xlsx": "0.17.0",
        "yargs": "16.2.0"
      },
      "bin": {
        "alaserver": "bin/alaserver.js",
        "alasql": "bin/alasql-cli.js"
      },
      "engines": {
        "node": "*"
      }
    },
    "node_modules/ansi-regex": {
      "version": "5.0.1",
      "license": "MIT",
      "engines": {
        "node": ">=8"
      }
    },
    "node_modules/ansi-styles": {
      "version": "3.2.1",
      "license": "MIT",
      "dependencies": {
        "color-convert": "^1.9.0"
      },
      "engines": {
        "node": ">=4"
      }
    },
    "node_modules/argparse": {
      "version": "1.0.10",
      "license": "MIT",
      "dependencies": {
        "sprintf-js": "~1.0.2"
      }
    },
    "node_modules/asn1": {
      "version": "0.2.6",
      "license": "MIT",
      "dependencies": {
        "safer-buffer": "~2.1.0"
      }
    },
    "node_modules/assert-plus": {
      "version": "1.0.0",
      "license": "MIT",
      "engines": {
        "node": ">=0.8"
      }
    },
    "node_modules/async-cache": {
      "version": "1.1.0",
      "license": "ISC",
      "dependencies": {
        "lru-cache": "^4.0.0"
      }
    },
    "node_modules/asynckit": {
      "version": "0.4.0",
      "license": "MIT"
    },
    "node_modules/aws-sign2": {
      "version": "0.7.0",
      "license": "Apache-2.0",
      "engines": {
        "node": "*"
      }
    },
    "node_modules/aws4": {
      "version": "1.11.0",
      "license": "MIT"
    },
    "node_modules/balanced-match": {
      "version": "1.0.2",
      "dev": true,
      "license": "MIT"
    },
    "node_modules/brace-expansion": {
      "version": "1.1.11",
      "dev": true,
      "license": "MIT",
      "dependencies": {
        "balanced-match": "^1.0.0",
        "concat-map": "0.0.1"
      }
    },
    "node_modules/browser-stdout": {
      "version": "1.3.1",
      "dev": true,
      "license": "ISC"
    },
    "node_modules/caseless": {
      "version": "0.12.0",
      "license": "Apache-2.0"
    },
    "node_modules/cfb": {
      "version": "1.2.2",
      "license": "Apache-2.0",
      "dependencies": {
        "adler-32": "~1.3.0",
        "crc-32": "~1.2.0"
      },
      "engines": {
        "node": ">=0.8"
      }
    },
    "node_modules/chalk": {
      "version": "2.4.2",
      "license": "MIT",
      "dependencies": {
        "ansi-styles": "^3.2.1",
        "escape-string-regexp": "^1.0.5",
        "supports-color": "^5.3.0"
      },
      "engines": {
        "node": ">=4"
      }
    },
    "node_modules/cliui": {
      "version": "7.0.4",
      "license": "ISC",
      "dependencies": {
        "string-width": "^4.2.0",
        "strip-ansi": "^6.0.0",
        "wrap-ansi": "^7.0.0"
      }
    },
    "node_modules/co": {
      "version": "4.6.0",
      "license": "MIT",
      "engines": {
        "iojs": ">= 1.0.0",
        "node": ">= 0.12.0"
      }
    },
    "node_modules/codepage": {
      "version": "1.14.0",
      "license": "Apache-2.0",
      "dependencies": {
        "commander": "~2.14.1",
        "exit-on-epipe": "~1.0.1"
      },
      "bin": {
        "codepage": "bin/codepage.njs"
      },
      "engines": {
        "node": ">=0.8"
      }
    },
    "node_modules/codepage/node_modules/commander": {
      "version": "2.14.1",
      "license": "MIT"
    },
    "node_modules/color-convert": {
      "version": "1.9.3",
      "license": "MIT",
      "dependencies": {
        "color-name": "1.1.3"
      }
    },
    "node_modules/colors": {
      "version": "1.4.0",
      "license": "MIT",
      "engines": {
        "node": ">=0.1.90"
      }
    },
    "node_modules/combined-stream": {
      "version": "1.0.8",
      "license": "MIT",
      "dependencies": {
        "delayed-stream": "~1.0.0"
      },
      "engines": {
        "node": ">= 0.8"
      }
    },
    "node_modules/commander": {
      "version": "2.9.0",
      "license": "MIT",
      "dependencies": {
        "graceful-readlink": ">= 1.0.0"
      },
      "engines": {
        "node": ">= 0.6.x"
      }
    },
    "node_modules/concat-map": {
      "version": "0.0.1",
      "dev": true,
      "license": "MIT"
    },
    "node_modules/core-util-is": {
      "version": "1.0.2",
      "license": "MIT"
    },
    "node_modules/crc-32": {
      "version": "1.2.2",
      "license": "Apache-2.0",
      "bin": {
        "crc32": "bin/crc32.njs"
      },
      "engines": {
        "node": ">=0.8"
      }
    },
    "node_modules/dashdash": {
      "version": "1.14.1",
      "license": "MIT",
      "dependencies": {
        "assert-plus": "^1.0.0"
      },
      "engines": {
        "node": ">=0.10"
      }
    },
    "node_modules/date-fns": {
      "version": "2.29.3",
      "resolved": "https://registry.npmjs.org/date-fns/-/date-fns-2.29.3.tgz",
      "integrity": "sha512-dDCnyH2WnnKusqvZZ6+jA1O51Ibt8ZMRNkDZdyAyK4YfbDwa/cEmuztzG5pk6hqlp9aSBPYcjOlktquahGwGeA==",
      "engines": {
        "node": ">=0.11"
      },
      "funding": {
        "type": "opencollective",
        "url": "https://opencollective.com/date-fns"
      }
    },
    "node_modules/debug": {
      "version": "2.6.9",
      "license": "MIT",
      "dependencies": {
        "ms": "2.0.0"
      }
    },
    "node_modules/delayed-stream": {
      "version": "1.0.0",
      "license": "MIT",
      "engines": {
        "node": ">=0.4.0"
      }
    },
    "node_modules/diff": {
      "version": "5.0.0",
      "dev": true,
      "license": "BSD-3-Clause",
      "engines": {
        "node": ">=0.3.1"
      }
    },
    "node_modules/dom-storage": {
      "version": "2.1.0",
      "license": "(MIT or Apache-2.0)",
      "engines": {
        "node": "*"
      }
    },
    "node_modules/ecc-jsbn": {
      "version": "0.1.2",
      "license": "MIT",
      "dependencies": {
        "jsbn": "~0.1.0",
        "safer-buffer": "^2.1.0"
      }
    },
    "node_modules/error-callsites": {
      "version": "1.0.1",
      "license": "MIT"
    },
    "node_modules/es6-promise": {
      "version": "4.2.8",
      "license": "MIT"
    },
    "node_modules/escape-string-regexp": {
      "version": "1.0.5",
      "license": "MIT",
      "engines": {
        "node": ">=0.8.0"
      }
    },
    "node_modules/esprima": {
      "version": "4.0.1",
      "license": "BSD-2-Clause",
      "bin": {
        "esparse": "bin/esparse.js",
        "esvalidate": "bin/esvalidate.js"
      },
      "engines": {
        "node": ">=4"
      }
    },
    "node_modules/eventemitter3": {
      "version": "3.1.2",
      "license": "MIT"
    },
    "node_modules/exit-on-epipe": {
      "version": "1.0.1",
      "license": "Apache-2.0",
      "engines": {
        "node": ">=0.8"
      }
    },
    "node_modules/extend": {
      "version": "3.0.2",
      "license": "MIT"
    },
    "node_modules/extsprintf": {
      "version": "1.3.0",
      "engines": [
        "node >=0.6.0"
      ],
      "license": "MIT"
    },
    "node_modules/fast-safe-stringify": {
      "version": "2.1.1",
      "license": "MIT"
    },
    "node_modules/find-up": {
      "version": "5.0.0",
      "dev": true,
      "license": "MIT",
      "dependencies": {
        "locate-path": "^6.0.0",
        "path-exists": "^4.0.0"
      },
      "engines": {
        "node": ">=10"
      },
      "funding": {
        "url": "https://github.com/sponsors/sindresorhus"
      }
    },
    "node_modules/flat": {
      "version": "4.1.1",
      "license": "BSD-3-Clause",
      "dependencies": {
        "is-buffer": "~2.0.3"
      },
      "bin": {
        "flat": "cli.js"
      }
    },
    "node_modules/flatstr": {
      "version": "1.0.12",
      "license": "MIT"
    },
    "node_modules/forever-agent": {
      "version": "0.6.1",
      "license": "Apache-2.0",
      "engines": {
        "node": "*"
      }
    },
    "node_modules/form-data": {
      "version": "2.5.1",
      "license": "MIT",
      "dependencies": {
        "asynckit": "^0.4.0",
        "combined-stream": "^1.0.6",
        "mime-types": "^2.1.12"
      },
      "engines": {
        "node": ">= 0.12"
      }
    },
    "node_modules/frac": {
      "version": "1.1.2",
      "license": "Apache-2.0",
      "engines": {
        "node": ">=0.8"
      }
    },
    "node_modules/fs.realpath": {
      "version": "1.0.0",
      "dev": true,
      "license": "ISC"
    },
    "node_modules/get-caller-file": {
      "version": "2.0.5",
      "license": "ISC",
      "engines": {
        "node": "6.* || 8.* || >= 10.*"
      }
    },
    "node_modules/graceful-fs": {
      "version": "4.2.10",
      "license": "ISC"
    },
    "node_modules/graceful-readlink": {
      "version": "1.0.1",
      "license": "MIT"
    },
    "node_modules/har-validator": {
      "version": "5.1.5",
      "license": "MIT",
      "dependencies": {
        "ajv": "^6.12.3",
        "har-schema": "^2.0.0"
      },
      "engines": {
        "node": ">=6"
      }
    },
    "node_modules/has-flag": {
      "version": "4.0.0",
      "license": "MIT",
      "engines": {
        "node": ">=8"
      }
    },
    "node_modules/http-signature": {
      "version": "1.2.0",
      "license": "MIT",
      "dependencies": {
        "assert-plus": "^1.0.0",
        "jsprim": "^1.2.2",
        "sshpk": "^1.7.0"
      },
      "engines": {
        "node": ">=0.8",
        "npm": ">=1.3.7"
      }
    },
    "node_modules/iconv-lite": {
      "version": "0.6.3",
      "license": "MIT",
      "dependencies": {
        "safer-buffer": ">= 2.1.2 < 3.0.0"
      },
      "engines": {
        "node": ">=0.10.0"
      }
    },
    "node_modules/inflight": {
      "version": "1.0.4",
      "dev": true,
      "license": "ISC",
      "dependencies": {
        "once": "^1.3.0",
        "wrappy": "1"
      }
    },
    "node_modules/inherits": {
      "version": "2.0.4",
      "license": "ISC"
    },
    "node_modules/is-buffer": {
      "version": "2.0.5",
      "funding": [
        {
          "type": "github",
          "url": "https://github.com/sponsors/feross"
        },
        {
          "type": "patreon",
          "url": "https://www.patreon.com/feross"
        },
        {
          "type": "consulting",
          "url": "https://feross.org/support"
        }
      ],
      "license": "MIT",
      "engines": {
        "node": ">=4"
      }
    },
    "node_modules/is-fullwidth-code-point": {
      "version": "3.0.0",
      "license": "MIT",
      "engines": {
        "node": ">=8"
      }
    },
    "node_modules/is-typedarray": {
      "version": "1.0.0",
      "license": "MIT"
    },
    "node_modules/isstream": {
      "version": "0.1.2",
      "license": "MIT"
    },
    "node_modules/js-yaml": {
      "version": "3.14.1",
      "license": "MIT",
      "dependencies": {
        "argparse": "^1.0.7",
        "esprima": "^4.0.0"
      },
      "bin": {
        "js-yaml": "bin/js-yaml.js"
      }
    },
    "node_modules/jsbn": {
      "version": "0.1.1",
      "license": "MIT"
    },
    "node_modules/jschardet": {
      "version": "3.0.0",
      "license": "LGPL-2.1+",
      "engines": {
        "node": ">=0.1.90"
      }
    },
    "node_modules/json-schema": {
      "version": "0.4.0",
      "license": "(AFL-2.1 OR BSD-3-Clause)"
    },
    "node_modules/json-stringify-safe": {
      "version": "5.0.1",
      "license": "ISC"
    },
    "node_modules/jsprim": {
      "version": "1.4.2",
      "license": "MIT",
      "dependencies": {
        "assert-plus": "1.0.0",
        "extsprintf": "1.3.0",
        "json-schema": "0.4.0",
        "verror": "1.10.0"
      },
      "engines": {
        "node": ">=0.6.0"
      }
    },
    "node_modules/limiter": {
      "version": "1.1.0"
    },
    "node_modules/lodash": {
      "version": "4.17.21",
      "license": "MIT"
    },
    "node_modules/lodash.defaults": {
      "version": "4.2.0",
      "license": "MIT"
    },
    "node_modules/lru-cache": {
      "version": "5.1.1",
      "license": "ISC",
      "dependencies": {
        "yallist": "^3.0.2"
      }
    },
    "node_modules/maxmind": {
      "version": "3.1.2",
      "license": "MIT",
      "dependencies": {
        "tiny-lru": "6.0.1"
      },
      "engines": {
        "node": ">=10",
        "npm": ">=6"
      }
    },
    "node_modules/maxmind-geolite-mirror": {
      "version": "1.1.8",
      "license": "MIT",
      "bin": {
        "maxmind-geolite-mirror": "bin/maxmind-geolite-mirror"
      },
      "engines": {
        "node": ">= v12.0.0"
      },
      "optionalDependencies": {
        "tar-stream": "^2.1.0"
      }
    },
    "node_modules/merge": {
      "version": "2.1.1",
      "license": "MIT"
    },
    "node_modules/mime-db": {
      "version": "1.52.0",
      "license": "MIT",
      "engines": {
        "node": ">= 0.6"
      }
    },
    "node_modules/mime-types": {
      "version": "2.1.35",
      "license": "MIT",
      "dependencies": {
        "mime-db": "1.52.0"
      },
      "engines": {
        "node": ">= 0.6"
      }
    },
    "node_modules/minimist": {
      "version": "1.2.6",
      "license": "MIT"
    },
    "node_modules/mkpath": {
      "version": "1.0.0",
      "license": "MIT"
    },
    "node_modules/mocha": {
      "version": "10.0.0",
      "dev": true,
      "license": "MIT",
      "dependencies": {
        "@ungap/promise-all-settled": "1.1.2",
        "ansi-colors": "4.1.1",
        "browser-stdout": "1.3.1",
        "chokidar": "3.5.3",
        "debug": "4.3.4",
        "diff": "5.0.0",
        "escape-string-regexp": "4.0.0",
        "find-up": "5.0.0",
        "glob": "7.2.0",
        "he": "1.2.0",
        "js-yaml": "4.1.0",
        "log-symbols": "4.1.0",
        "minimatch": "5.0.1",
        "ms": "2.1.3",
        "nanoid": "3.3.3",
        "serialize-javascript": "6.0.0",
        "strip-json-comments": "3.1.1",
        "supports-color": "8.1.1",
        "workerpool": "6.2.1",
        "yargs": "16.2.0",
        "yargs-parser": "20.2.4",
        "yargs-unparser": "2.0.0"
      },
      "bin": {
        "_mocha": "bin/_mocha",
        "mocha": "bin/mocha.js"
      },
      "engines": {
        "node": ">= 14.0.0"
      },
      "funding": {
        "type": "opencollective",
        "url": "https://opencollective.com/mochajs"
      }
    },
    "node_modules/mocha/node_modules/glob": {
      "version": "7.2.0",
      "dev": true,
      "license": "ISC",
      "dependencies": {
        "fs.realpath": "^1.0.0",
        "inflight": "^1.0.4",
        "inherits": "2",
        "minimatch": "^3.0.4",
        "once": "^1.3.0",
        "path-is-absolute": "^1.0.0"
      },
      "engines": {
        "node": "*"
      },
      "funding": {
        "url": "https://github.com/sponsors/isaacs"
      }
    },
    "node_modules/mocha/node_modules/minimatch": {
      "version": "5.0.1",
      "dev": true,
      "license": "ISC",
      "dependencies": {
        "brace-expansion": "^2.0.1"
      },
      "engines": {
        "node": ">=10"
      }
    },
    "node_modules/mocha/node_modules/supports-color": {
      "version": "8.1.1",
      "dev": true,
      "license": "MIT",
      "dependencies": {
        "has-flag": "^4.0.0"
      },
      "engines": {
        "node": ">=10"
      },
      "funding": {
        "url": "https://github.com/chalk/supports-color?sponsor=1"
      }
    },
    "node_modules/moment": {
      "version": "2.29.4",
      "license": "MIT",
      "engines": {
        "node": "*"
      }
    },
    "node_modules/ms": {
      "version": "2.0.0",
      "license": "MIT"
    },
    "node_modules/oauth-sign": {
      "version": "0.9.0",
      "license": "Apache-2.0",
      "engines": {
        "node": "*"
      }
    },
    "node_modules/once": {
      "version": "1.4.0",
      "dev": true,
      "license": "ISC",
      "dependencies": {
        "wrappy": "1"
      }
    },
    "node_modules/path-exists": {
      "version": "4.0.0",
      "dev": true,
      "license": "MIT",
      "engines": {
        "node": ">=8"
      }
    },
    "node_modules/path-is-absolute": {
      "version": "1.0.1",
      "license": "MIT",
      "engines": {
        "node": ">=0.10.0"
      }
    },
    "node_modules/prettyjson": {
      "version": "1.2.5",
      "license": "MIT",
      "dependencies": {
        "colors": "1.4.0",
        "minimist": "^1.2.0"
      },
      "bin": {
        "prettyjson": "bin/prettyjson"
      }
    },
    "node_modules/printj": {
      "version": "1.1.2",
      "license": "Apache-2.0",
      "bin": {
        "printj": "bin/printj.njs"
      },
      "engines": {
        "node": ">=0.8"
      }
    },
    "node_modules/punycode": {
      "version": "2.1.1",
      "license": "MIT",
      "engines": {
        "node": ">=6"
      }
    },
    "node_modules/qs": {
      "version": "6.11.0",
      "license": "BSD-3-Clause",
      "dependencies": {
        "side-channel": "^1.0.4"
      },
      "engines": {
        "node": ">=0.6"
      },
      "funding": {
        "url": "https://github.com/sponsors/ljharb"
      }
    },
    "node_modules/readable-stream": {
      "version": "3.6.0",
      "license": "MIT",
      "dependencies": {
        "inherits": "^2.0.3",
        "string_decoder": "^1.1.1",
        "util-deprecate": "^1.0.1"
      },
      "engines": {
        "node": ">= 6"
      }
    },
    "node_modules/request": {
      "version": "2.88.2",
      "license": "Apache-2.0",
      "dependencies": {
        "aws-sign2": "~0.7.0",
        "aws4": "^1.8.0",
        "caseless": "~0.12.0",
        "combined-stream": "~1.0.6",
        "extend": "~3.0.2",
        "forever-agent": "~0.6.1",
        "form-data": "~2.3.2",
        "har-validator": "~5.1.3",
        "http-signature": "~1.2.0",
        "is-typedarray": "~1.0.0",
        "isstream": "~0.1.2",
        "json-stringify-safe": "~5.0.1",
        "mime-types": "~2.1.19",
        "oauth-sign": "~0.9.0",
        "performance-now": "^2.1.0",
        "qs": "~6.5.2",
        "safe-buffer": "^5.1.2",
        "tough-cookie": "~2.5.0",
        "tunnel-agent": "^0.6.0",
        "uuid": "^3.3.2"
      },
      "engines": {
        "node": ">= 6"
      }
    },
    "node_modules/require-directory": {
      "version": "2.1.1",
      "license": "MIT",
      "engines": {
        "node": ">=0.10.0"
      }
    },
    "node_modules/split2": {
      "version": "3.2.2",
      "license": "ISC",
      "dependencies": {
        "readable-stream": "^3.0.0"
      }
    },
    "node_modules/sprintf-js": {
      "version": "1.0.3",
      "license": "BSD-3-Clause"
    },
    "node_modules/ssf": {
      "version": "0.11.2",
      "license": "Apache-2.0",
      "dependencies": {
        "frac": "~1.1.2"
      },
      "engines": {
        "node": ">=0.8"
      }
    },
    "node_modules/sshpk": {
      "version": "1.17.0",
      "license": "MIT",
      "dependencies": {
        "asn1": "~0.2.3",
        "assert-plus": "^1.0.0",
        "bcrypt-pbkdf": "^1.0.0",
        "dashdash": "^1.12.0",
        "ecc-jsbn": "~0.1.1",
        "getpass": "^0.1.1",
        "jsbn": "~0.1.0",
        "safer-buffer": "^2.0.2",
        "tweetnacl": "~0.14.0"
      },
      "bin": {
        "sshpk-conv": "bin/sshpk-conv",
        "sshpk-sign": "bin/sshpk-sign",
        "sshpk-verify": "bin/sshpk-verify"
      },
      "engines": {
        "node": ">=0.10.0"
      }
    },
    "node_modules/stackman": {
      "version": "3.0.2",
      "license": "MIT",
      "dependencies": {
        "after-all-results": "^2.0.0",
        "async-cache": "^1.1.0",
        "debug": "^2.2.0",
        "error-callsites": "^1.0.1",
        "load-source-map": "^1.0.0",
        "path-is-absolute": "^1.0.1"
      }
    },
    "node_modules/stream-throttle": {
      "version": "0.1.3",
      "license": "BSD-3-Clause",
      "dependencies": {
        "commander": "^2.2.0",
        "limiter": "^1.0.5"
      },
      "bin": {
        "throttleproxy": "bin/throttleproxy.js"
      },
      "engines": {
        "node": ">= 0.10.0"
      }
    },
    "node_modules/string_decoder": {
      "version": "1.3.0",
      "license": "MIT",
      "dependencies": {
        "safe-buffer": "~5.2.0"
      }
    },
    "node_modules/string-width": {
      "version": "4.2.3",
      "license": "MIT",
      "dependencies": {
        "emoji-regex": "^8.0.0",
        "is-fullwidth-code-point": "^3.0.0",
        "strip-ansi": "^6.0.1"
      },
      "engines": {
        "node": ">=8"
      }
    },
    "node_modules/strip-ansi": {
      "version": "6.0.1",
      "license": "MIT",
      "dependencies": {
        "ansi-regex": "^5.0.1"
      },
      "engines": {
        "node": ">=8"
      }
    },
    "node_modules/strip-json-comments": {
      "version": "3.1.1",
      "dev": true,
      "license": "MIT",
      "engines": {
        "node": ">=8"
      },
      "funding": {
        "url": "https://github.com/sponsors/sindresorhus"
      }
    },
    "node_modules/supports-color": {
      "version": "5.5.0",
      "license": "MIT",
      "dependencies": {
        "has-flag": "^3.0.0"
      },
      "engines": {
        "node": ">=4"
      }
    },
    "node_modules/syslogd": {
      "version": "1.1.2",
      "license": "ISC",
      "dependencies": {
        "debug": "^2.1.0"
      }
    },
    "node_modules/tail-forever": {
      "version": "0.3.16",
      "dependencies": {
        "iconv-lite": "*",
        "jschardet": "*",
        "uclogs-async": "*",
        "underscore": "*"
      }
    },
    "node_modules/through2": {
      "version": "4.0.2",
      "license": "MIT",
      "dependencies": {
        "readable-stream": "3"
      }
    },
    "node_modules/tough-cookie": {
      "version": "2.5.0",
      "license": "BSD-3-Clause",
      "dependencies": {
        "psl": "^1.1.28",
        "punycode": "^2.1.1"
      },
      "engines": {
        "node": ">=0.8"
      }
    },
    "node_modules/try-call": {
      "version": "0.0.2",
      "license": "BSD"
    },
    "node_modules/tunnel-agent": {
      "version": "0.6.0",
      "license": "Apache-2.0",
      "dependencies": {
        "safe-buffer": "^5.0.1"
      },
      "engines": {
        "node": "*"
      }
    },
    "node_modules/tweetnacl": {
      "version": "0.14.5",
      "license": "Unlicense"
    },
    "node_modules/uclogs-async": {
      "version": "0.1.0"
    },
    "node_modules/underscore": {
      "version": "1.13.4",
      "license": "MIT"
    },
    "node_modules/util-deprecate": {
      "version": "1.0.2",
      "license": "MIT"
    },
    "node_modules/uuid": {
      "version": "8.3.2",
      "license": "MIT",
      "bin": {
        "uuid": "dist/bin/uuid"
      }
    },
    "node_modules/verror": {
      "version": "1.10.0",
      "engines": [
        "node >=0.6.0"
      ],
      "license": "MIT",
      "dependencies": {
        "assert-plus": "^1.0.0",
        "core-util-is": "1.0.2",
        "extsprintf": "^1.2.0"
      }
    },
    "node_modules/websocket-stream": {
      "optional": true
    },
    "node_modules/wrap-ansi": {
      "version": "7.0.0",
      "license": "MIT",
      "dependencies": {
        "ansi-styles": "^4.0.0",
        "string-width": "^4.1.0",
        "strip-ansi": "^6.0.0"
      },
      "engines": {
        "node": ">=10"
      },
      "funding": {
        "url": "https://github.com/chalk/wrap-ansi?sponsor=1"
      }
    },
    "node_modules/wrappy": {
      "version": "1.0.1",
      "dev": true,
      "license": "ISC"
    },
    "node_modules/xlsx": {
      "version": "0.17.0",
      "license": "Apache-2.0",
      "dependencies": {
        "adler-32": "~1.2.0",
        "cfb": "^1.1.4",
        "codepage": "~1.14.0",
        "commander": "~2.17.1",
        "crc-32": "~1.2.0",
        "exit-on-epipe": "~1.0.1",
        "fflate": "^0.3.8",
        "ssf": "~0.11.2",
        "wmf": "~1.0.1",
        "word": "~0.3.0"
      },
      "bin": {
        "xlsx": "bin/xlsx.njs"
      },
      "engines": {
        "node": ">=0.8"
      }
    },
    "node_modules/xlsx/node_modules/commander": {
      "version": "2.17.1",
      "license": "MIT"
    },
    "node_modules/y18n": {
      "version": "5.0.8",
      "license": "ISC",
      "engines": {
        "node": ">=10"
      }
    },
    "node_modules/yallist": {
      "version": "3.1.1",
      "license": "ISC"
    },
    "node_modules/yargs": {
      "version": "16.2.0",
      "license": "MIT",
      "dependencies": {
        "cliui": "^7.0.2",
        "escalade": "^3.1.1",
        "get-caller-file": "^2.0.5",
        "require-directory": "^2.1.1",
        "string-width": "^4.2.0",
        "y18n": "^5.0.5",
        "yargs-parser": "^20.2.2"
      },
      "engines": {
        "node": ">=10"
      }
    },
    "node_modules/yargs-parser": {
      "version": "20.2.9",
      "license": "ISC",
      "engines": {
        "node": ">=10"
      }
    }
  },
  "dependencies": {
    "@sematext/logagent": {
      "version": "3.2.0",
      "requires": {
        "@azure/event-hubs": "^5.2.0",
        "aedes": "^0.42.1",
        "alasql": "^1.7.2",
        "aws-sdk": "^2.689.0",
        "cassandra-driver": "^3.5.0",
        "chalk": "^2.4.1",
        "clickhouse": "^1.2.88888888",
        "clone": "^2.1.2",
        "co": "^4.6.0",
        "commander": "^2.19.0",
        "date-fns": "^2.9.0",
        "device-detector-js": "^2.2.1",
        "docker-events": "0.0.2",
        "docker-loghose": "^1.6.5",
        "dockerode": "^3.3.4",
        "elasticsearch": "^15.2.0",
        "eventemitter3": "^3.1.0",
        "fast-safe-stringify": "^2.0.6",
        "flat": "^4.1.0",
        "flatstr": "^1.0.8",
        "get-value": "^3.0.1",
        "glob": "^7.1.3",
        "graceful-fs": "^4.2.9",
        "http-aws-es": "^6.0.0",
        "influx-line-protocol-parser": "^0.2.0",
        "js-yaml": "^3.14.0",
        "json-influx": "^0.3.0",
        "kubernetes-client": "^8.3.7",
        "logsene-js": "^1.1.74",
        "lru-cache": "^5.1.1",
        "maxmind": "^3.1.2",
        "maxmind-geolite-mirror": "^1.1.3",
        "md5": "^2.2.1",
        "merge": "^2.1.1",
        "minimatch": "^3.0.4",
        "mkpath": "^1.0.0",
        "moment": "^2.29.1",
        "moment-timezone": "^0.5.31",
        "mqtt": "^4.2.8",
        "mysql": "^2.16.0",
        "pg": "^7.18.2",
        "prettyjson": "^1.2.1",
        "public-ip": "^4.0.2",
        "query-string": "^6.12.1",
        "request": "^2.88.2",
        "requestretry": "^7.0.0",
        "rotating-file-stream": "^1.3.9",
        "set-value": "^4.0.1",
        "split2": "^3.0.0",
        "stackman": "^3.0.2",
        "stream-throttle": "^0.1.3",
        "string-template": "^1.0.0",
        "syslogd": "^1.1.2",
        "tail-forever": "^0.3.16",
        "tedious": "^3.0.1",
        "throng": "^4.0.0",
        "through2": "^4.0.2",
        "try-call": "0.0.2",
        "unset-value": "^1.0.0",
        "websocket-stream": "^5.1.1"
      },
      "dependencies": {
        "throng": {
          "version": "4.0.0",
          "requires": {
            "lodash.defaults": "^4.0.1"
          }
        }
      }
    },
    "adler-32": {
      "version": "1.2.0",
      "requires": {
        "exit-on-epipe": "~1.0.1",
        "printj": "~1.1.0"
      }
    },
    "alasql": {
      "version": "1.7.3",
      "requires": {
        "dom-storage": "^2.1.0",
        "es6-promise": "^4.2.6",
        "lodash": "4.17.21",
        "request": "2.88.2",
        "xlsx": "0.17.0",
        "yargs": "16.2.0"
      }
    },
    "ansi-regex": {
      "version": "5.0.1"
    },
    "ansi-styles": {
      "version": "3.2.1",
      "requires": {
        "color-convert": "^1.9.0"
      }
    },
    "argparse": {
      "version": "1.0.10",
      "requires": {
        "sprintf-js": "~1.0.2"
      }
    },
    "asn1": {
      "version": "0.2.6",
      "requires": {
        "safer-buffer": "~2.1.0"
      }
    },
    "assert-plus": {
      "version": "1.0.0"
    },
    "async-cache": {
      "version": "1.1.0",
      "requires": {
        "lru-cache": "^4.0.0"
      }
    },
    "asynckit": {
      "version": "0.4.0"
    },
    "aws-sign2": {
      "version": "0.7.0"
    },
    "aws4": {
      "version": "1.11.0"
    },
    "balanced-match": {
      "version": "1.0.2",
      "dev": true
    },
    "brace-expansion": {
      "version": "1.1.11",
      "dev": true,
      "requires": {
        "balanced-match": "^1.0.0",
        "concat-map": "0.0.1"
      }
    },
    "browser-stdout": {
      "version": "1.3.1",
      "dev": true
    },
    "caseless": {
      "version": "0.12.0"
    },
    "cfb": {
      "version": "1.2.2",
      "requires": {
        "adler-32": "~1.3.0",
        "crc-32": "~1.2.0"
      }
    },
    "chalk": {
      "version": "2.4.2",
      "requires": {
        "ansi-styles": "^3.2.1",
        "escape-string-regexp": "^1.0.5",
        "supports-color": "^5.3.0"
      }
    },
    "cliui": {
      "version": "7.0.4",
      "requires": {
        "string-width": "^4.2.0",
        "strip-ansi": "^6.0.0",
        "wrap-ansi": "^7.0.0"
      }
    },
    "co": {
      "version": "4.6.0"
    },
    "codepage": {
      "version": "1.14.0",
      "requires": {
        "commander": "~2.14.1",
        "exit-on-epipe": "~1.0.1"
      },
      "dependencies": {
        "commander": {
          "version": "2.14.1"
        }
      }
    },
    "color-convert": {
      "version": "1.9.3",
      "requires": {
        "color-name": "1.1.3"
      }
    },
    "colors": {
      "version": "1.4.0"
    },
    "combined-stream": {
      "version": "1.0.8",
      "requires": {
        "delayed-stream": "~1.0.0"
      }
    },
    "commander": {
      "version": "2.9.0",
      "requires": {
        "graceful-readlink": ">= 1.0.0"
      }
    },
    "concat-map": {
      "version": "0.0.1",
      "dev": true
    },
    "core-util-is": {
      "version": "1.0.2"
    },
    "crc-32": {
      "version": "1.2.2"
    },
    "dashdash": {
      "version": "1.14.1",
      "requires": {
        "assert-plus": "^1.0.0"
      }
    },
    "date-fns": {
      "version": "2.29.3",
      "resolved": "https://registry.npmjs.org/date-fns/-/date-fns-2.29.3.tgz",
      "integrity": "sha512-dDCnyH2WnnKusqvZZ6+jA1O51Ibt8ZMRNkDZdyAyK4YfbDwa/cEmuztzG5pk6hqlp9aSBPYcjOlktquahGwGeA=="
    },
    "debug": {
      "version": "2.6.9",
      "requires": {
        "ms": "2.0.0"
      }
    },
    "delayed-stream": {
      "version": "1.0.0"
    },
    "diff": {
      "version": "5.0.0",
      "dev": true
    },
    "dom-storage": {
      "version": "2.1.0"
    },
    "ecc-jsbn": {
      "version": "0.1.2",
      "requires": {
        "jsbn": "~0.1.0",
        "safer-buffer": "^2.1.0"
      }
    },
    "error-callsites": {
      "version": "1.0.1"
    },
    "es6-promise": {
      "version": "4.2.8"
    },
    "escape-string-regexp": {
      "version": "1.0.5"
    },
    "esprima": {
      "version": "4.0.1"
    },
    "eventemitter3": {
      "version": "3.1.2"
    },
    "exit-on-epipe": {
      "version": "1.0.1"
    },
    "extend": {
      "version": "3.0.2"
    },
    "extsprintf": {
      "version": "1.3.0"
    },
    "fast-safe-stringify": {
      "version": "2.1.1"
    },
    "find-up": {
      "version": "5.0.0",
      "dev": true,
      "requires": {
        "locate-path": "^6.0.0",
        "path-exists": "^4.0.0"
      }
    },
    "flat": {
      "version": "4.1.1",
      "requires": {
        "is-buffer": "~2.0.3"
      }
    },
    "flatstr": {
      "version": "1.0.12"
    },
    "forever-agent": {
      "version": "0.6.1"
    },
    "form-data": {
      "version": "2.5.1",
      "requires": {
        "asynckit": "^0.4.0",
        "combined-stream": "^1.0.6",
        "mime-types": "^2.1.12"
      }
    },
    "frac": {
      "version": "1.1.2"
    },
    "fs.realpath": {
      "version": "1.0.0",
      "dev": true
    },
    "get-caller-file": {
      "version": "2.0.5"
    },
    "graceful-fs": {
      "version": "4.2.10"
    },
    "graceful-readlink": {
      "version": "1.0.1"
    },
    "har-validator": {
      "version": "5.1.5",
      "requires": {
        "ajv": "^6.12.3",
        "har-schema": "^2.0.0"
      }
    },
    "has-flag": {
      "version": "4.0.0"
    },
    "http-signature": {
      "version": "1.2.0",
      "requires": {
        "assert-plus": "^1.0.0",
        "jsprim": "^1.2.2",
        "sshpk": "^1.7.0"
      }
    },
    "iconv-lite": {
      "version": "0.6.3",
      "requires": {
        "safer-buffer": ">= 2.1.2 < 3.0.0"
      }
    },
    "inflight": {
      "version": "1.0.4",
      "dev": true,
      "requires": {
        "once": "^1.3.0",
        "wrappy": "1"
      }
    },
    "inherits": {
      "version": "2.0.4"
    },
    "is-buffer": {
      "version": "2.0.5"
    },
    "is-fullwidth-code-point": {
      "version": "3.0.0"
    },
    "is-typedarray": {
      "version": "1.0.0"
    },
    "isstream": {
      "version": "0.1.2"
    },
    "js-yaml": {
      "version": "3.14.1",
      "requires": {
        "argparse": "^1.0.7",
        "esprima": "^4.0.0"
      }
    },
    "jsbn": {
      "version": "0.1.1"
    },
    "jschardet": {
      "version": "3.0.0"
    },
    "json-schema": {
      "version": "0.4.0"
    },
    "json-stringify-safe": {
      "version": "5.0.1"
    },
    "jsprim": {
      "version": "1.4.2",
      "requires": {
        "assert-plus": "1.0.0",
        "extsprintf": "1.3.0",
        "json-schema": "0.4.0",
        "verror": "1.10.0"
      }
    },
    "limiter": {
      "version": "1.1.0"
    },
    "lodash": {
      "version": "4.17.21"
    },
    "lodash.defaults": {
      "version": "4.2.0"
    },
    "lru-cache": {
      "version": "5.1.1",
      "requires": {
        "yallist": "^3.0.2"
      }
    },
    "maxmind": {
      "version": "3.1.2",
      "requires": {
        "tiny-lru": "6.0.1"
      }
    },
    "maxmind-geolite-mirror": {
      "version": "1.1.8",
      "requires": {
        "tar-stream": "^2.1.0"
      }
    },
    "merge": {
      "version": "2.1.1"
    },
    "mime-db": {
      "version": "1.52.0"
    },
    "mime-types": {
      "version": "2.1.35",
      "requires": {
        "mime-db": "1.52.0"
      }
    },
    "minimist": {
      "version": "1.2.6"
    },
    "mkpath": {
      "version": "1.0.0"
    },
    "mocha": {
      "version": "10.0.0",
      "dev": true,
      "requires": {
        "@ungap/promise-all-settled": "1.1.2",
        "ansi-colors": "4.1.1",
        "browser-stdout": "1.3.1",
        "chokidar": "3.5.3",
        "debug": "4.3.4",
        "diff": "5.0.0",
        "escape-string-regexp": "4.0.0",
        "find-up": "5.0.0",
        "glob": "7.2.0",
        "he": "1.2.0",
        "js-yaml": "4.1.0",
        "log-symbols": "4.1.0",
        "minimatch": "5.0.1",
        "ms": "2.1.3",
        "nanoid": "3.3.3",
        "serialize-javascript": "6.0.0",
        "strip-json-comments": "3.1.1",
        "supports-color": "8.1.1",
        "workerpool": "6.2.1",
        "yargs": "16.2.0",
        "yargs-parser": "20.2.4",
        "yargs-unparser": "2.0.0"
      },
      "dependencies": {
        "glob": {
          "version": "7.2.0",
          "dev": true,
          "requires": {
            "fs.realpath": "^1.0.0",
            "inflight": "^1.0.4",
            "inherits": "2",
            "minimatch": "^3.0.4",
            "once": "^1.3.0",
            "path-is-absolute": "^1.0.0"
          }
        },
        "minimatch": {
          "version": "5.0.1",
          "dev": true,
          "requires": {
            "brace-expansion": "^2.0.1"
          }
        },
        "supports-color": {
          "version": "8.1.1",
          "dev": true,
          "requires": {
            "has-flag": "^4.0.0"
          }
        }
      }
    },
    "moment": {
      "version": "2.29.4"
    },
    "ms": {
      "version": "2.0.0"
    },
    "oauth-sign": {
      "version": "0.9.0"
    },
    "once": {
      "version": "1.4.0",
      "dev": true,
      "requires": {
        "wrappy": "1"
      }
    },
    "path-exists": {
      "version": "4.0.0",
      "dev": true
    },
    "path-is-absolute": {
      "version": "1.0.1"
    },
    "prettyjson": {
      "version": "1.2.5",
      "requires": {
        "colors": "1.4.0",
        "minimist": "^1.2.0"
      }
    },
    "printj": {
      "version": "1.1.2"
    },
    "punycode": {
      "version": "2.1.1"
    },
    "qs": {
      "version": "6.11.0",
      "requires": {
        "side-channel": "^1.0.4"
      }
    },
    "readable-stream": {
      "version": "3.6.0",
      "requires": {
        "inherits": "^2.0.3",
        "string_decoder": "^1.1.1",
        "util-deprecate": "^1.0.1"
      }
    },
    "request": {
      "version": "2.88.2",
      "requires": {
        "aws-sign2": "~0.7.0",
        "aws4": "^1.8.0",
        "caseless": "~0.12.0",
        "combined-stream": "~1.0.6",
        "extend": "~3.0.2",
        "forever-agent": "~0.6.1",
        "form-data": "~2.3.2",
        "har-validator": "~5.1.3",
        "http-signature": "~1.2.0",
        "is-typedarray": "~1.0.0",
        "isstream": "~0.1.2",
        "json-stringify-safe": "~5.0.1",
        "mime-types": "~2.1.19",
        "oauth-sign": "~0.9.0",
        "performance-now": "^2.1.0",
        "qs": "~6.5.2",
        "safe-buffer": "^5.1.2",
        "tough-cookie": "~2.5.0",
        "tunnel-agent": "^0.6.0",
        "uuid": "^3.3.2"
      }
    },
    "require-directory": {
      "version": "2.1.1"
    },
    "split2": {
      "version": "3.2.2",
      "requires": {
        "readable-stream": "^3.0.0"
      }
    },
    "sprintf-js": {
      "version": "1.0.3"
    },
    "ssf": {
      "version": "0.11.2",
      "requires": {
        "frac": "~1.1.2"
      }
    },
    "sshpk": {
      "version": "1.17.0",
      "requires": {
        "asn1": "~0.2.3",
        "assert-plus": "^1.0.0",
        "bcrypt-pbkdf": "^1.0.0",
        "dashdash": "^1.12.0",
        "ecc-jsbn": "~0.1.1",
        "getpass": "^0.1.1",
        "jsbn": "~0.1.0",
        "safer-buffer": "^2.0.2",
        "tweetnacl": "~0.14.0"
      }
    },
    "stackman": {
      "version": "3.0.2",
      "requires": {
        "after-all-results": "^2.0.0",
        "async-cache": "^1.1.0",
        "debug": "^2.2.0",
        "error-callsites": "^1.0.1",
        "load-source-map": "^1.0.0",
        "path-is-absolute": "^1.0.1"
      }
    },
    "stream-throttle": {
      "version": "0.1.3",
      "requires": {
        "commander": "^2.2.0",
        "limiter": "^1.0.5"
      }
    },
    "string_decoder": {
      "version": "1.3.0",
      "requires": {
        "safe-buffer": "~5.2.0"
      }
    },
    "string-width": {
      "version": "4.2.3",
      "requires": {
        "emoji-regex": "^8.0.0",
        "is-fullwidth-code-point": "^3.0.0",
        "strip-ansi": "^6.0.1"
      }
    },
    "strip-ansi": {
      "version": "6.0.1",
      "requires": {
        "ansi-regex": "^5.0.1"
      }
    },
    "strip-json-comments": {
      "version": "3.1.1",
      "dev": true
    },
    "supports-color": {
      "version": "5.5.0",
      "requires": {
        "has-flag": "^3.0.0"
      }
    },
    "syslogd": {
      "version": "1.1.2",
      "requires": {
        "debug": "^2.1.0"
      }
    },
    "tail-forever": {
      "version": "0.3.16",
      "requires": {
        "iconv-lite": "*",
        "jschardet": "*",
        "uclogs-async": "*",
        "underscore": "*"
      }
    },
    "through2": {
      "version": "4.0.2",
      "requires": {
        "readable-stream": "3"
      }
    },
    "tough-cookie": {
      "version": "2.5.0",
      "requires": {
        "psl": "^1.1.28",
        "punycode": "^2.1.1"
      }
    },
    "try-call": {
      "version": "0.0.2"
    },
    "tunnel-agent": {
      "version": "0.6.0",
      "requires": {
        "safe-buffer": "^5.0.1"
      }
    },
    "tweetnacl": {
      "version": "0.14.5"
    },
    "uclogs-async": {
      "version": "0.1.0"
    },
    "underscore": {
      "version": "1.13.4"
    },
    "util-deprecate": {
      "version": "1.0.2"
    },
    "uuid": {
      "version": "8.3.2"
    },
    "verror": {
      "version": "1.10.0",
      "requires": {
        "assert-plus": "^1.0.0",
        "core-util-is": "1.0.2",
        "extsprintf": "^1.2.0"
      }
    },
    "websocket-stream": {
      "optional": true
    },
    "wrap-ansi": {
      "version": "7.0.0",
      "requires": {
        "ansi-styles": "^4.0.0",
        "string-width": "^4.1.0",
        "strip-ansi": "^6.0.0"
      }
    },
    "wrappy": {
      "version": "1.0.1",
      "dev": true
    },
    "xlsx": {
      "version": "0.17.0",
      "requires": {
        "adler-32": "~1.2.0",
        "cfb": "^1.1.4",
        "codepage": "~1.14.0",
        "commander": "~2.17.1",
        "crc-32": "~1.2.0",
        "exit-on-epipe": "~1.0.1",
        "fflate": "^0.3.8",
        "ssf": "~0.11.2",
        "wmf": "~1.0.1",
        "word": "~0.3.0"
      },
      "dependencies": {
        "commander": {
          "version": "2.17.1"
        }
      }
    },
    "y18n": {
      "version": "5.0.8"
    },
    "yallist": {
      "version": "3.1.1"
    },
    "yargs": {
      "version": "16.2.0",
      "requires": {
        "cliui": "^7.0.2",
        "escalade": "^3.1.1",
        "get-caller-file": "^2.0.5",
        "require-directory": "^2.1.1",
        "string-width": "^4.2.0",
        "y18n": "^5.0.5",
        "yargs-parser": "^20.2.2"
      }
    },
    "yargs-parser": {
      "version": "20.2.9"
    }
  }
}
